
Microsoft Visual Studio Solution File, Format Version 12.00
# Visual Studio Version 17
VisualStudioVersion = 17.4.33110.190
MinimumVisualStudioVersion = 10.0.40219.1
Project("{FAE04EC0-301F-11D3-BF4B-00C04F79EFBC}") = "CQRSWrapper", "CQRSWrapper\CQRSWrapper.csproj", "{EF21CF04-1CB4-4F6C-A564-F21FE6B075CF}"
EndProject
Project("{2150E333-8FDC-42A3-9474-1A3956D46DE8}") = "src", "src", "{EFE9F350-8D1E-46FE-9336-6D9A1E7FE491}"
EndProject
Project("{2150E333-8FDC-42A3-9474-1A3956D46DE8}") = "sample", "sample", "{826313AD-9CA5-4332-A3AB-F2323CFC275E}"
EndProject
Project("{9A19103F-16F7-4668-BE54-9A1E7A4F7556}") = "AspSample", "AspSample\AspSample.csproj", "{C598DF65-8DBD-434A-B102-E178E95ACA4B}"
EndProject
Global
	GlobalSection(SolutionConfigurationPlatforms) = preSolution
		Debug|Any CPU = Debug|Any CPU
		Release|Any CPU = Release|Any CPU
	EndGlobalSection
	GlobalSection(ProjectConfigurationPlatforms) = postSolution
		{EF21CF04-1CB4-4F6C-A564-F21FE6B075CF}.Debug|Any CPU.ActiveCfg = Debug|Any CPU
		{EF21CF04-1CB4-4F6C-A564-F21FE6B075CF}.Debug|Any CPU.Build.0 = Debug|Any CPU
		{EF21CF04-1CB4-4F6C-A564-F21FE6B075CF}.Release|Any CPU.ActiveCfg = Release|Any CPU
		{EF21CF04-1CB4-4F6C-A564-F21FE6B075CF}.Release|Any CPU.Build.0 = Release|Any CPU
		{C598DF65-8DBD-434A-B102-E178E95ACA4B}.Debug|Any CPU.ActiveCfg = Debug|Any CPU
		{C598DF65-8DBD-434A-B102-E178E95ACA4B}.Debug|Any CPU.Build.0 = Debug|Any CPU
		{C598DF65-8DBD-434A-B102-E178E95ACA4B}.Release|Any CPU.ActiveCfg = Release|Any CPU
		{C598DF65-8DBD-434A-B102-E178E95ACA4B}.Release|Any CPU.Build.0 = Release|Any CPU
	EndGlobalSection
	GlobalSection(SolutionProperties) = preSolution
		HideSolutionNode = FALSE
	EndGlobalSection
	GlobalSection(NestedProjects) = preSolution
		{EF21CF04-1CB4-4F6C-A564-F21FE6B075CF} = {EFE9F350-8D1E-46FE-9336-6D9A1E7FE491}
		{C598DF65-8DBD-434A-B102-E178E95ACA4B} = {826313AD-9CA5-4332-A3AB-F2323CFC275E}
	EndGlobalSection
	GlobalSection(ExtensibilityGlobals) = postSolution
		SolutionGuid = {38E95574-0E4D-4978-8571-450B5F55F59B}
	EndGlobalSection
EndGlobal
